
Microsoft Visual Studio Solution File, Format Version 12.00
# Visual Studio Version 17
VisualStudioVersion = 17.8.34316.72
MinimumVisualStudioVersion = 10.0.40219.1
Project("{FAE04EC0-301F-11D3-BF4B-00C04F79EFBC}") = "HoboConsolePrjct", "HoboConsolePrjct\HoboConsolePrjct.csproj", "{1E2820C6-3806-4679-8420-0DBA27A9B8AE}"
EndProject
Global
	GlobalSection(SolutionConfigurationPlatforms) = preSolution
		Debug|Any CPU = Debug|Any CPU
		Release|Any CPU = Release|Any CPU
	EndGlobalSection
	GlobalSection(ProjectConfigurationPlatforms) = postSolution
		{1E2820C6-3806-4679-8420-0DBA27A9B8AE}.Debug|Any CPU.ActiveCfg = Debug|Any CPU
		{1E2820C6-3806-4679-8420-0DBA27A9B8AE}.Debug|Any CPU.Build.0 = Debug|Any CPU
		{1E2820C6-3806-4679-8420-0DBA27A9B8AE}.Release|Any CPU.ActiveCfg = Release|Any CPU
		{1E2820C6-3806-4679-8420-0DBA27A9B8AE}.Release|Any CPU.Build.0 = Release|Any CPU
	EndGlobalSection
	GlobalSection(SolutionProperties) = preSolution
		HideSolutionNode = FALSE
	EndGlobalSection
	GlobalSection(ExtensibilityGlobals) = postSolution
		SolutionGuid = {4FD4E0DD-3844-4C86-AAA8-255503561548}
	EndGlobalSection
EndGlobal
